
Microsoft Visual Studio Solution File, Format Version 12.00
# Visual Studio 15
VisualStudioVersion = 15.0.27428.2037
MinimumVisualStudioVersion = 10.0.40219.1
Project("{FAE04EC0-301F-11D3-BF4B-00C04F79EFBC}") = "ProjetFinal", "ProjetFinal\ProjetFinal.csproj", "{65C25734-DA05-47FF-AB16-606CCB816ED3}"
EndProject
Global
	GlobalSection(SolutionConfigurationPlatforms) = preSolution
		Debug|Any CPU = Debug|Any CPU
		Release|Any CPU = Release|Any CPU
	EndGlobalSection
	GlobalSection(ProjectConfigurationPlatforms) = postSolution
		{65C25734-DA05-47FF-AB16-606CCB816ED3}.Debug|Any CPU.ActiveCfg = Debug|Any CPU
		{65C25734-DA05-47FF-AB16-606CCB816ED3}.Debug|Any CPU.Build.0 = Debug|Any CPU
		{65C25734-DA05-47FF-AB16-606CCB816ED3}.Release|Any CPU.ActiveCfg = Release|Any CPU
		{65C25734-DA05-47FF-AB16-606CCB816ED3}.Release|Any CPU.Build.0 = Release|Any CPU
	EndGlobalSection
	GlobalSection(SolutionProperties) = preSolution
		HideSolutionNode = FALSE
	EndGlobalSection
	GlobalSection(ExtensibilityGlobals) = postSolution
		SolutionGuid = {3C37F8A7-B7E1-4806-8AB6-86BF900A8407}
	EndGlobalSection
EndGlobal
